
Microsoft Visual Studio Solution File, Format Version 12.00
# Visual Studio Version 16
VisualStudioVersion = 16.0.30204.135
MinimumVisualStudioVersion = 10.0.40219.1
Project("{FAE04EC0-301F-11D3-BF4B-00C04F79EFBC}") = "RedBadger", "RedBadger\RedBadger.csproj", "{80C65DB3-BBFD-4EB3-86ED-62DCD7CAA3C2}"
EndProject
Global
	GlobalSection(SolutionConfigurationPlatforms) = preSolution
		Debug|Any CPU = Debug|Any CPU
		Release|Any CPU = Release|Any CPU
	EndGlobalSection
	GlobalSection(ProjectConfigurationPlatforms) = postSolution
		{80C65DB3-BBFD-4EB3-86ED-62DCD7CAA3C2}.Debug|Any CPU.ActiveCfg = Debug|Any CPU
		{80C65DB3-BBFD-4EB3-86ED-62DCD7CAA3C2}.Debug|Any CPU.Build.0 = Debug|Any CPU
		{80C65DB3-BBFD-4EB3-86ED-62DCD7CAA3C2}.Release|Any CPU.ActiveCfg = Release|Any CPU
		{80C65DB3-BBFD-4EB3-86ED-62DCD7CAA3C2}.Release|Any CPU.Build.0 = Release|Any CPU
	EndGlobalSection
	GlobalSection(SolutionProperties) = preSolution
		HideSolutionNode = FALSE
	EndGlobalSection
	GlobalSection(ExtensibilityGlobals) = postSolution
		SolutionGuid = {884E1394-4D03-4B1A-A867-308A9438C51D}
	EndGlobalSection
EndGlobal
